
Microsoft Visual Studio Solution File, Format Version 12.00
# Visual Studio Version 16
VisualStudioVersion = 16.0.32428.249
MinimumVisualStudioVersion = 10.0.40219.1
Project("{8BC9CEB8-8B4A-11D0-8D11-00A0C91BC942}") = "01_02", "01_02.vcxproj", "{84EF84C6-ECB4-436F-BDF1-8354A49543F1}"
EndProject
Global
	GlobalSection(SolutionConfigurationPlatforms) = preSolution
		Debug|x64 = Debug|x64
		Debug|x86 = Debug|x86
		Release|x64 = Release|x64
		Release|x86 = Release|x86
	EndGlobalSection
	GlobalSection(ProjectConfigurationPlatforms) = postSolution
		{84EF84C6-ECB4-436F-BDF1-8354A49543F1}.Debug|x64.ActiveCfg = Debug|x64
		{84EF84C6-ECB4-436F-BDF1-8354A49543F1}.Debug|x64.Build.0 = Debug|x64
		{84EF84C6-ECB4-436F-BDF1-8354A49543F1}.Debug|x86.ActiveCfg = Debug|Win32
		{84EF84C6-ECB4-436F-BDF1-8354A49543F1}.Debug|x86.Build.0 = Debug|Win32
		{84EF84C6-ECB4-436F-BDF1-8354A49543F1}.Release|x64.ActiveCfg = Release|x64
		{84EF84C6-ECB4-436F-BDF1-8354A49543F1}.Release|x64.Build.0 = Release|x64
		{84EF84C6-ECB4-436F-BDF1-8354A49543F1}.Release|x86.ActiveCfg = Release|Win32
		{84EF84C6-ECB4-436F-BDF1-8354A49543F1}.Release|x86.Build.0 = Release|Win32
	EndGlobalSection
	GlobalSection(SolutionProperties) = preSolution
		HideSolutionNode = FALSE
	EndGlobalSection
	GlobalSection(ExtensibilityGlobals) = postSolution
		SolutionGuid = {BC7AC2ED-D587-4D32-8F14-096F1FDC08D9}
	EndGlobalSection
EndGlobal
